Microsoft Visual Studio Solution File, Format Version 11.00
# Visual Studio 2008

Project("{E87411F9-D4C1-8E8F-42E0-9EDC50D844A1}") = "LostAtSea", "Assembly-CSharp-firstpass.csproj", "{CA2108DF-F710-96CD-1C51-BB46F4E0F0FE}"
EndProject
Project("{E87411F9-D4C1-8E8F-42E0-9EDC50D844A1}") = "LostAtSea", "Assembly-CSharp.csproj", "{E3DF33B3-92C6-F0B8-65C9-1E2F3396CD68}"
EndProject
Global
	GlobalSection(SolutionConfigurationPlatforms) = preSolution
		Debug|Any CPU = Debug|Any CPU
		Release|Any CPU = Release|Any CPU
	EndGlobalSection
	GlobalSection(ProjectConfigurationPlatforms) = postSolution
		{CA2108DF-F710-96CD-1C51-BB46F4E0F0FE}.Debug|Any CPU.ActiveCfg = Debug|Any CPU
		{CA2108DF-F710-96CD-1C51-BB46F4E0F0FE}.Debug|Any CPU.Build.0 = Debug|Any CPU
		{CA2108DF-F710-96CD-1C51-BB46F4E0F0FE}.Release|Any CPU.ActiveCfg = Release|Any CPU
		{CA2108DF-F710-96CD-1C51-BB46F4E0F0FE}.Release|Any CPU.Build.0 = Release|Any CPU
		{E3DF33B3-92C6-F0B8-65C9-1E2F3396CD68}.Debug|Any CPU.ActiveCfg = Debug|Any CPU
		{E3DF33B3-92C6-F0B8-65C9-1E2F3396CD68}.Debug|Any CPU.Build.0 = Debug|Any CPU
		{E3DF33B3-92C6-F0B8-65C9-1E2F3396CD68}.Release|Any CPU.ActiveCfg = Release|Any CPU
		{E3DF33B3-92C6-F0B8-65C9-1E2F3396CD68}.Release|Any CPU.Build.0 = Release|Any CPU
	EndGlobalSection
	GlobalSection(SolutionProperties) = preSolution
		HideSolutionNode = FALSE
	EndGlobalSection
																								GlobalSection(MonoDevelopProperties) = preSolution
		StartupItem = Assembly-CSharp.csproj
		Policies = $0
		$0.TextStylePolicy = $1
		$1.inheritsSet = null
		$1.scope = text/x-csharp
		$0.CSharpFormattingPolicy = $2
		$2.inheritsSet = Mono
		$2.inheritsScope = text/x-csharp
		$2.scope = text/x-csharp
		$0.TextStylePolicy = $3
		$3.FileWidth = 120
		$3.TabWidth = 4
		$3.EolMarker = Unix
		$3.inheritsSet = Mono
		$3.inheritsScope = text/plain
		$3.scope = text/plain
	EndGlobalSection

EndGlobal
